
Microsoft Visual Studio Solution File, Format Version 12.00
# Visual Studio 15
Project("{FAE04EC0-301F-11D3-BF4B-00C04F79EFBC}") = "working-with-files", "working-with-files\working-with-files.csproj", "{659F0DBA-EB9B-45AD-8569-2FC6B6DD2F91}"
EndProject
Global
	GlobalSection(SolutionConfigurationPlatforms) = preSolution
		Debug|Any CPU = Debug|Any CPU
		Release|Any CPU = Release|Any CPU
	EndGlobalSection
	GlobalSection(ProjectConfigurationPlatforms) = postSolution
		{659F0DBA-EB9B-45AD-8569-2FC6B6DD2F91}.Debug|Any CPU.ActiveCfg = Debug|Any CPU
		{659F0DBA-EB9B-45AD-8569-2FC6B6DD2F91}.Debug|Any CPU.Build.0 = Debug|Any CPU
		{659F0DBA-EB9B-45AD-8569-2FC6B6DD2F91}.Release|Any CPU.ActiveCfg = Release|Any CPU
		{659F0DBA-EB9B-45AD-8569-2FC6B6DD2F91}.Release|Any CPU.Build.0 = Release|Any CPU
	EndGlobalSection
EndGlobal
